PODS:
  - Alamofire (3.1.3)
  - EVReflection (2.13.2)
  - SnapKit (0.18.0)

DEPENDENCIES:
  - Alamofire
  - EVReflection
  - SnapKit

SPEC CHECKSUMS:
  Alamofire: 9f93b56389e48def9220dd57d1f44b1927229a5a
  EVReflection: b42bd75ebda0a56f50eb347d0f45b7de7e031361
  SnapKit: e1f090a6d47b1dd4bd89b73f72b6746a7835ef3c

COCOAPODS: 0.39.0
